[[package]]
name = "certifi"
version = "2023.7.22"
description = "Python package for providing Mozilla's CA Bundle."
category = "main"
optional = false
python-versions = ">=3.6"

[[package]]
name = "elastic-transport"
version = "8.4.0"
description = "Transport classes and utilities shared among Python Elastic client libraries"
category = "main"
optional = false
python-versions = ">=3.6"

[package.dependencies]
certifi = "*"
urllib3 = ">=1.26.2,<2"

[package.extras]
develop = ["aiohttp", "mock", "pytest", "pytest-asyncio", "pytest-cov", "pytest-httpserver", "pytest-mock", "requests", "trustme"]

[[package]]
name = "elasticsearch"
version = "8.9.0"
description = "Python client for Elasticsearch"
category = "main"
optional = false
python-versions = ">=3.6, <4"

[package.dependencies]
elastic-transport = ">=8,<9"

[package.extras]
async = ["aiohttp (>=3,<4)"]
requests = ["requests (>=2.4.0,<3.0.0)"]

[[package]]
name = "fasttext"
version = "0.9.2"
description = ""
category = "main"
optional = false
python-versions = "*"
develop = false

[package.dependencies]
numpy = "*"
pybind11 = ">=2.2"
setuptools = ">=0.7.0"

[package.source]
type = "git"
url = "https://github.com/cfculhane/fastText"
reference = "HEAD"
resolved_reference = "4a4451337ae6b476b9c584b97776c8c3eb4b27c5"

[[package]]
name = "gensim"
version = "4.3.1"
description = "Python framework for fast Vector Space Modelling"
category = "main"
optional = false
python-versions = ">=3.8"

[package.dependencies]
numpy = ">=1.18.5"
scipy = ">=1.7.0"
smart-open = ">=1.8.1"

[package.extras]
distributed = ["Pyro4 (>=4.27)"]
docs = ["POT", "Pyro4", "Pyro4 (>=4.27)", "annoy", "cython", "matplotlib", "memory-profiler", "mock", "nltk", "pandas", "pytest", "pytest-cov", "sphinx (==5.1.1)", "sphinx-gallery (==0.11.1)", "sphinxcontrib-napoleon (==0.7)", "sphinxcontrib.programoutput (==0.17)", "statsmodels", "testfixtures", "visdom (>=0.1.8,!=0.1.8.7)"]
test = ["POT", "cython", "mock", "pytest", "pytest-cov", "testfixtures", "visdom (>=0.1.8,!=0.1.8.7)"]
test-win = ["POT", "cython", "mock", "pytest", "pytest-cov", "testfixtures"]

[[package]]
name = "numpy"
version = "1.25.2"
description = "Fundamental package for array computing in Python"
category = "main"
optional = false
python-versions = ">=3.9"

[[package]]
name = "pybind11"
version = "2.11.1"
description = "Seamless operability between C++11 and Python"
category = "main"
optional = false
python-versions = ">=3.6"

[package.extras]
global = ["pybind11-global (==2.11.1)"]

[[package]]
name = "pydantic"
version = "1.10.0"
description = "Data validation and settings management using python type hints"
category = "main"
optional = false
python-versions = ">=3.7"

[package.dependencies]
typing-extensions = ">=4.1.0"

[package.extras]
dotenv = ["python-dotenv (>=0.10.4)"]
email = ["email-validator (>=1.0.3)"]

[[package]]
name = "scipy"
version = "1.9.3"
description = "Fundamental algorithms for scientific computing in Python"
category = "main"
optional = false
python-versions = ">=3.8"

[package.dependencies]
numpy = ">=1.18.5,<1.26.0"

[package.extras]
dev = ["flake8", "mypy", "pycodestyle", "typing_extensions"]
doc = ["matplotlib (>2)", "numpydoc", "pydata-sphinx-theme (==0.9.0)", "sphinx (!=4.1.0)", "sphinx-panels (>=0.5.2)", "sphinx-tabs"]
test = ["asv", "gmpy2", "mpmath", "pytest", "pytest-cov", "pytest-xdist", "scikit-umfpack", "threadpoolctl"]

[[package]]
name = "setuptools"
version = "68.0.0"
description = "Easily download, build, install, upgrade, and uninstall Python packages"
category = "main"
optional = false
python-versions = ">=3.7"

[package.extras]
docs = ["furo", "jaraco.packaging (>=9)", "jaraco.tidelift (>=1.4)", "pygments-github-lexers (==0.0.5)", "rst.linker (>=1.9)", "sphinx (>=3.5)", "sphinx-favicon", "sphinx-hoverxref (<2)", "sphinx-inline-tabs", "sphinx-lint", "sphinx-notfound-page (==0.8.3)", "sphinx-reredirects", "sphinxcontrib-towncrier"]
testing = ["build[virtualenv]", "filelock (>=3.4.0)", "flake8-2020", "ini2toml[lite] (>=0.9)", "jaraco.envs (>=2.2)", "jaraco.path (>=3.2.0)", "pip (>=19.1)", "pip-run (>=8.8)", "pytest (>=6)", "pytest-black (>=0.3.7)", "pytest-checkdocs (>=2.4)", "pytest-cov", "pytest-enabler (>=1.3)", "pytest-mypy (>=0.9.1)", "pytest-perf", "pytest-ruff", "pytest-timeout", "pytest-xdist", "tomli-w (>=1.0.0)", "virtualenv (>=13.0.0)", "wheel"]
testing-integration = ["build[virtualenv]", "filelock (>=3.4.0)", "jaraco.envs (>=2.2)", "jaraco.path (>=3.2.0)", "pytest", "pytest-enabler", "pytest-xdist", "tomli", "virtualenv (>=13.0.0)", "wheel"]

[[package]]
name = "smart-open"
version = "6.3.0"
description = "Utils for streaming large files (S3, HDFS, GCS, Azure Blob Storage, gzip, bz2...)"
category = "main"
optional = false
python-versions = ">=3.6,<4.0"

[package.extras]
all = ["azure-common", "azure-core", "azure-storage-blob", "boto3", "google-cloud-storage (>=2.6.0)", "paramiko", "requests"]
azure = ["azure-common", "azure-core", "azure-storage-blob"]
gcs = ["google-cloud-storage (>=2.6.0)"]
http = ["requests"]
s3 = ["boto3"]
ssh = ["paramiko"]
test = ["azure-common", "azure-core", "azure-storage-blob", "boto3", "google-cloud-storage (>=2.6.0)", "moto[server]", "paramiko", "pytest", "pytest-rerunfailures", "requests", "responses"]
webhdfs = ["requests"]

[[package]]
name = "typing-extensions"
version = "4.7.1"
description = "Backported and Experimental Type Hints for Python 3.7+"
category = "main"
optional = false
python-versions = ">=3.7"

[[package]]
name = "urllib3"
version = "1.26.16"
description = "HTTP library with thread-safe connection pooling, file post, and more."
category = "main"
optional = false
python-versions = ">=2.7, !=3.0.*, !=3.1.*, !=3.2.*, !=3.3.*, !=3.4.*, !=3.5.*"

[package.extras]
brotli = ["brotli (>=1.0.9)", "brotlicffi (>=0.8.0)", "brotlipy (>=0.6.0)"]
secure = ["certifi", "cryptography (>=1.3.4)", "idna (>=2.0.0)", "ipaddress", "pyOpenSSL (>=0.14)", "urllib3-secure-extra"]
socks = ["PySocks (>=1.5.6,!=1.5.7,<2.0)"]

[metadata]
lock-version = "1.1"
python-versions = "^3.9"
content-hash = "48caacf5739671f12efd7371334bd969e1bc9268a2160d8cc7ed8e5dbf72b2c7"

[metadata.files]
certifi = [
    {file = "certifi-2023.7.22-py3-none-any.whl", hash = "sha256:92d6037539857d8206b8f6ae472e8b77db8058fec5937a1ef3f54304089edbb9"},
    {file = "certifi-2023.7.22.tar.gz", hash = "sha256:539cc1d13202e33ca466e88b2807e29f4c13049d6d87031a3c110744495cb082"},
]
elastic-transport = [
    {file = "elastic-transport-8.4.0.tar.gz", hash = "sha256:b9ad708ceb7fcdbc6b30a96f886609a109f042c0b9d9f2e44403b3133ba7ff10"},
    {file = "elastic_transport-8.4.0-py3-none-any.whl", hash = "sha256:19db271ab79c9f70f8c43f8f5b5111408781a6176b54ab2e54d713b6d9ceb815"},
]
elasticsearch = [
    {file = "elasticsearch-8.9.0-py3-none-any.whl", hash = "sha256:0795cbf0f61482070741c09ba02ac8fdf18f5984912fbd08b248fadd8a8c9952"},
    {file = "elasticsearch-8.9.0.tar.gz", hash = "sha256:d3367fc013e04fc7aad349a6de9fad1ee04fb6d627b0e7896aa505c12fde5e04"},
]
fasttext = []
gensim = [
    {file = "gensim-4.3.1-cp310-cp310-macosx_10_9_x86_64.whl", hash = "sha256:adf32a4e131dd7f448eb224b4cde7ef3ae0f6f601b482cfca9d1ae2923c2fe9f"},
    {file = "gensim-4.3.1-cp310-cp310-macosx_11_0_arm64.whl", hash = "sha256:64c0e7104e1b421cb718ec7a79f7d4d26deba4c194785e133fa2dec75d2ba614"},
    {file = "gensim-4.3.1-cp310-cp310-manylinux_2_17_aarch64.manylinux2014_aarch64.whl", hash = "sha256:14e429352ad80c075c6ce16a43e5010abaf4b7e021c84b84d88b0461924a1836"},
    {file = "gensim-4.3.1-cp310-cp310-manylinux_2_17_x86_64.manylinux2014_x86_64.whl", hash = "sha256:e93244c50a58c3e08a0f6ee8d552dadd77296f2eac62ff8cc9ef296aa905d734"},
    {file = "gensim-4.3.1-cp310-cp310-win_amd64.whl", hash = "sha256:9a6e9a51fdf1dccf6b6d035b38efdef703b93aff10d6f4112c4e91a182136a74"},
    {file = "gensim-4.3.1-cp310-cp310-win_arm64.whl", hash = "sha256:563c184a8c26b92059273fe53561e91953da7d8b3ab292d703431cf807f36342"},
    {file = "gensim-4.3.1-cp311-cp311-macosx_10_9_x86_64.whl", hash = "sha256:e924e972fabd8a09fe3f06e732b7e05a51c2cb3010871c205717e949bbb05cf4"},
    {file = "gensim-4.3.1-cp311-cp311-macosx_11_0_arm64.whl", hash = "sha256:57c3af9e2834c1c9ca12f981b5ab615505e2d6b69f4d4963ccbf5d2cec583a6e"},
    {file = "gensim-4.3.1-cp311-cp311-manylinux_2_17_aarch64.manylinux2014_aarch64.whl", hash = "sha256:55f837bdab49fea1f4151a3d3882d0d04ee9a964bb654a7c868a856ca86fbf20"},
    {file = "gensim-4.3.1-cp311-cp311-manylinux_2_17_x86_64.manylinux2014_x86_64.whl", hash = "sha256:56b24c3a506c4acdc131326377e04d378dc72a6120f3d2de234ebdfbfda58305"},
    {file = "gensim-4.3.1-cp311-cp311-win_amd64.whl", hash = "sha256:5a4b55f5d88a7d445d6dcb94316ab43005844da7dfefc0a592a96f3d06ea0905"},
    {file = "gensim-4.3.1-cp311-cp311-win_arm64.whl", hash = "sha256:e04ab4f2d55bebaca7cec291ac182618be0ef52c8bf36453f69de8d5256c2182"},
    {file = "gensim-4.3.1-cp38-cp38-macosx_10_9_x86_64.whl", hash = "sha256:840a858035029e1f85a6e5ae90ef1d7def1e594677af94722bd0a0eb21a710f3"},
    {file = "gensim-4.3.1-cp38-cp38-macosx_11_0_arm64.whl", hash = "sha256:ad4364ca6fddb03438aaaa377927a76832a28a53b9f7ebaf4c2a7e42dc4ed5c1"},
    {file = "gensim-4.3.1-cp38-cp38-manylinux_2_17_aarch64.manylinux2014_aarch64.whl", hash = "sha256:ce58a7d9f7a501d670bc2335059f4c1e22800ad12fd968733d12d0565aa49b26"},
    {file = "gensim-4.3.1-cp38-cp38-manylinux_2_17_x86_64.manylinux2014_x86_64.whl", hash = "sha256:f183702cf2c3e36a2441236b6e3144d934255307359ef8eee3ac099041400806"},
    {file = "gensim-4.3.1-cp38-cp38-win_amd64.whl", hash = "sha256:c193da0e6a0cdba0ddc0bfd53cb25bbbbdbbbd09305ac4924f2746bc07a97d29"},
    {file = "gensim-4.3.1-cp39-cp39-macosx_10_9_x86_64.whl", hash = "sha256:00e652c6df1fb92adf909f6a6b9015ca1eae23e3aa36565449ec34a6008e4d18"},
    {file = "gensim-4.3.1-cp39-cp39-macosx_11_0_arm64.whl", hash = "sha256:b6ea3a726b53d2d229bf171f1aecebb5b1bd7f24192c1cfd3ca571e1d248ab86"},
    {file = "gensim-4.3.1-cp39-cp39-manylinux_2_17_aarch64.manylinux2014_aarch64.whl", hash = "sha256:6098f4edb4148d56e815f58eae7a7fd57e0b832d5602b9e7637a5c1d740da30f"},
    {file = "gensim-4.3.1-cp39-cp39-manylinux_2_17_x86_64.manylinux2014_x86_64.whl", hash = "sha256:d3ef3e9272de44e6c35c69b5a19c2e306a3c0094db1de9b2547d35b90d1cbe19"},
    {file = "gensim-4.3.1-cp39-cp39-win_amd64.whl", hash = "sha256:c3f92470f9d5128633fac6bc9686ac4c1c6ca7b2ffdef825669901f002567ea9"},
    {file = "gensim-4.3.1-cp39-cp39-win_arm64.whl", hash = "sha256:28a7d31df1cd6ad2f676d48f7e193547f593bee5f0924ae75c1de3eede96b2f2"},
    {file = "gensim-4.3.1.tar.gz", hash = "sha256:8b5f11c0e6a5308086b48e8f6841223a4fa1a37d513684612b7ee854b533015f"},
]
numpy = [
    {file = "numpy-1.25.2-cp310-cp310-macosx_10_9_x86_64.whl", hash = "sha256:db3ccc4e37a6873045580d413fe79b68e47a681af8db2e046f1dacfa11f86eb3"},
    {file = "numpy-1.25.2-cp310-cp310-macosx_11_0_arm64.whl", hash = "sha256:90319e4f002795ccfc9050110bbbaa16c944b1c37c0baeea43c5fb881693ae1f"},
    {file = "numpy-1.25.2-cp310-cp310-manylinux_2_17_aarch64.manylinux2014_aarch64.whl", hash = "sha256:dfe4a913e29b418d096e696ddd422d8a5d13ffba4ea91f9f60440a3b759b0187"},
    {file = "numpy-1.25.2-cp310-cp310-manylinux_2_17_x86_64.manylinux2014_x86_64.whl", hash = "sha256:f08f2e037bba04e707eebf4bc934f1972a315c883a9e0ebfa8a7756eabf9e357"},
    {file = "numpy-1.25.2-cp310-cp310-musllinux_1_1_x86_64.whl", hash = "sha256:bec1e7213c7cb00d67093247f8c4db156fd03075f49876957dca4711306d39c9"},
    {file = "numpy-1.25.2-cp310-cp310-win32.whl", hash = "sha256:7dc869c0c75988e1c693d0e2d5b26034644399dd929bc049db55395b1379e044"},
    {file = "numpy-1.25.2-cp310-cp310-win_amd64.whl", hash = "sha256:834b386f2b8210dca38c71a6e0f4fd6922f7d3fcff935dbe3a570945acb1b545"},
    {file = "numpy-1.25.2-cp311-cp311-macosx_10_9_x86_64.whl", hash = "sha256:c5462d19336db4560041517dbb7759c21d181a67cb01b36ca109b2ae37d32418"},
    {file = "numpy-1.25.2-cp311-cp311-macosx_11_0_arm64.whl", hash = "sha256:c5652ea24d33585ea39eb6a6a15dac87a1206a692719ff45d53c5282e66d4a8f"},
    {file = "numpy-1.25.2-cp311-cp311-manylinux_2_17_aarch64.manylinux2014_aarch64.whl", hash = "sha256:0d60fbae8e0019865fc4784745814cff1c421df5afee233db6d88ab4f14655a2"},
    {file = "numpy-1.25.2-cp311-cp311-manylinux_2_17_x86_64.manylinux2014_x86_64.whl", hash = "sha256:60e7f0f7f6d0eee8364b9a6304c2845b9c491ac706048c7e8cf47b83123b8dbf"},
    {file = "numpy-1.25.2-cp311-cp311-musllinux_1_1_x86_64.whl", hash = "sha256:bb33d5a1cf360304754913a350edda36d5b8c5331a8237268c48f91253c3a364"},
    {file = "numpy-1.25.2-cp311-cp311-win32.whl", hash = "sha256:5883c06bb92f2e6c8181df7b39971a5fb436288db58b5a1c3967702d4278691d"},
    {file = "numpy-1.25.2-cp311-cp311-win_amd64.whl", hash = "sha256:5c97325a0ba6f9d041feb9390924614b60b99209a71a69c876f71052521d42a4"},
    {file = "numpy-1.25.2-cp39-cp39-macosx_10_9_x86_64.whl", hash = "sha256:b79e513d7aac42ae918db3ad1341a015488530d0bb2a6abcbdd10a3a829ccfd3"},
    {file = "numpy-1.25.2-cp39-cp39-macosx_11_0_arm64.whl", hash = "sha256:eb942bfb6f84df5ce05dbf4b46673ffed0d3da59f13635ea9b926af3deb76926"},
    {file = "numpy-1.25.2-cp39-cp39-manylinux_2_17_aarch64.manylinux2014_aarch64.whl", hash = "sha256:3e0746410e73384e70d286f93abf2520035250aad8c5714240b0492a7302fdca"},
    {file = "numpy-1.25.2-cp39-cp39-manylinux_2_17_x86_64.manylinux2014_x86_64.whl", hash = "sha256:d7806500e4f5bdd04095e849265e55de20d8cc4b661b038957354327f6d9b295"},
    {file = "numpy-1.25.2-cp39-cp39-musllinux_1_1_x86_64.whl", hash = "sha256:8b77775f4b7df768967a7c8b3567e309f617dd5e99aeb886fa14dc1a0791141f"},
    {file = "numpy-1.25.2-cp39-cp39-win32.whl", hash = "sha256:2792d23d62ec51e50ce4d4b7d73de8f67a2fd3ea710dcbc8563a51a03fb07b01"},
    {file = "numpy-1.25.2-cp39-cp39-win_amd64.whl", hash = "sha256:76b4115d42a7dfc5d485d358728cdd8719be33cc5ec6ec08632a5d6fca2ed380"},
    {file = "numpy-1.25.2-pp39-pypy39_pp73-macosx_10_9_x86_64.whl", hash = "sha256:1a1329e26f46230bf77b02cc19e900db9b52f398d6722ca853349a782d4cff55"},
    {file = "numpy-1.25.2-pp39-pypy39_pp73-manylinux_2_17_x86_64.manylinux2014_x86_64.whl", hash = "sha256:4c3abc71e8b6edba80a01a52e66d83c5d14433cbcd26a40c329ec7ed09f37901"},
    {file = "numpy-1.25.2-pp39-pypy39_pp73-win_amd64.whl", hash = "sha256:1b9735c27cea5d995496f46a8b1cd7b408b3f34b6d50459d9ac8fe3a20cc17bf"},
    {file = "numpy-1.25.2.tar.gz", hash = "sha256:fd608e19c8d7c55021dffd43bfe5492fab8cc105cc8986f813f8c3c048b38760"},
]
pybind11 = [
    {file = "pybind11-2.11.1-py3-none-any.whl", hash = "sha256:33cdd02a6453380dd71cc70357ce388ad1ee8d32bd0e38fc22b273d050aa29b3"},
    {file = "pybind11-2.11.1.tar.gz", hash = "sha256:00cd59116a6e8155aecd9174f37ba299d1d397ed4a6b86ac1dfe01b3e40f2cc4"},
]
pydantic = [
    {file = "pydantic-1.10.0-cp310-cp310-macosx_10_9_x86_64.whl", hash = "sha256:7e34e46dd08dafd4c75b8378efe3eae7d8e5212950fcd894d86c1df2dcfb80fe"},
    {file = "pydantic-1.10.0-cp310-cp310-macosx_11_0_arm64.whl", hash = "sha256:4af55f33ae5be6cccecd4fa462630daffef1f161f60c3f194b24eca705d50748"},
    {file = "pydantic-1.10.0-cp310-cp310-manylinux_2_17_x86_64.manylinux2014_x86_64.whl", hash = "sha256:1856bc6640aced42886f7ee48f5ed1fa5adf35e34064b5f9532b52d5a3b8a0d3"},
    {file = "pydantic-1.10.0-cp310-cp310-manylinux_2_5_i686.manylinux1_i686.manylinux_2_17_i686.manylinux2014_i686.whl", hash = "sha256:d73ae7e210929a1b7d288034835dd787e5b0597192d58ab7342bacbeec0f33df"},
    {file = "pydantic-1.10.0-cp310-cp310-musllinux_1_1_i686.whl", hash = "sha256:a1192c17667d21652ab93b5eecd1a776cd0a4e384ea8c331bb830c9d130293af"},
    {file = "pydantic-1.10.0-cp310-cp310-musllinux_1_1_x86_64.whl", hash = "sha256:026427be4e251f876e7519a63af37ae5ebb8b593ca8b02180bdc6becd1ea4ef4"},
    {file = "pydantic-1.10.0-cp310-cp310-win_amd64.whl", hash = "sha256:d1dffae1f219d06a997ec78d1d2daafdbfecf243ad8eb36bfbcbc73e30e17385"},
    {file = "pydantic-1.10.0-cp311-cp311-macosx_10_9_x86_64.whl", hash = "sha256:b549eebe8de4e50fc3b4f8c1f9cc2f731d91787fc3f7d031561668377b8679bc"},
    {file = "pydantic-1.10.0-cp311-cp311-macosx_11_0_arm64.whl", hash = "sha256:a0ba8710bfdaddb7424c05ad2dc1da04796003751eac6ad30c218ac1d68a174e"},
    {file = "pydantic-1.10.0-cp311-cp311-manylinux_2_17_x86_64.manylinux2014_x86_64.whl", hash = "sha256:f0985ba95af937389c9ce8d747138417303569cb736bd12469646ef53cd66e1c"},
    {file = "pydantic-1.10.0-cp311-cp311-manylinux_2_5_i686.manylinux1_i686.manylinux_2_17_i686.manylinux2014_i686.whl", hash = "sha256:d484fbbe6267b6c936a6d005d5170ab553f3f4367348c7e88d3e17f0a7179981"},
    {file = "pydantic-1.10.0-cp311-cp311-musllinux_1_1_i686.whl", hash = "sha256:9500586151cd56a20bacb8f1082df1b4489000120d1c7ddc44c8b20870e8adbd"},
    {file = "pydantic-1.10.0-cp311-cp311-musllinux_1_1_x86_64.whl", hash = "sha256:1b5212604aaf5954e9a7cea8f0c60d6dbef996aa7b41edefd329e6b5011ce8cf"},
    {file = "pydantic-1.10.0-cp311-cp311-win_amd64.whl", hash = "sha256:39212b3853eea165a3cda11075d5b7d09d4291fcbc3c0ecefd23797ee21b29e9"},
    {file = "pydantic-1.10.0-cp37-cp37m-macosx_10_9_x86_64.whl", hash = "sha256:b3e3aed33fbd9518cf508d5415a58af683743d53dc5e58953973d73605774f34"},
    {file = "pydantic-1.10.0-cp37-cp37m-manylinux_2_17_x86_64.manylinux2014_x86_64.whl", hash = "sha256:ed4e5c18cac70fadd4cf339f444c4f1795f0876dfd5b70cf0a841890b52f0001"},
    {file = "pydantic-1.10.0-cp37-cp37m-manylinux_2_5_i686.manylinux1_i686.manylinux_2_17_i686.manylinux2014_i686.whl", hash = "sha256:45a6d0a9fdaad2a27ea69aec4659705ed8f60a5664e892c73e2b977d8f5166cc"},
    {file = "pydantic-1.10.0-cp37-cp37m-musllinux_1_1_i686.whl", hash = "sha256:158f1479367da20914961b5406ac3b29dfe1d858ae2af96c444f73543defcf0c"},
    {file = "pydantic-1.10.0-cp37-cp37m-musllinux_1_1_x86_64.whl", hash = "sha256:172aaeeaff8fc3ac326fb8a2934a063ca0938586c5fe8848285052de83a240f7"},
    {file = "pydantic-1.10.0-cp37-cp37m-win_amd64.whl", hash = "sha256:231b19c010288bfbfdcd3f79df38b5ff893c6547cd8c7d006203435790b22815"},
    {file = "pydantic-1.10.0-cp38-cp38-macosx_10_9_x86_64.whl", hash = "sha256:22206c152f9b86c0ee169928f9c24e1c0c566edb2462600b298ccb04860961aa"},
    {file = "pydantic-1.10.0-cp38-cp38-macosx_11_0_arm64.whl", hash = "sha256:d8ef840ef803ef17a7bd52480eb85faca0eed728d70233fd560f7d1066330247"},
    {file = "pydantic-1.10.0-cp38-cp38-manylinux_2_17_x86_64.manylinux2014_x86_64.whl", hash = "sha256:1f99b4de6936a0f9fe255d1c7fdc447700ddd027c9ad38a612d453ed5fc7d6d0"},
    {file = "pydantic-1.10.0-cp38-cp38-manylinux_2_5_i686.manylinux1_i686.manylinux_2_17_i686.manylinux2014_i686.whl", hash = "sha256:134b4fd805737496ce4efd24ce2f8da0e08c66dcfc054fee1a19673eec780f2c"},
    {file = "pydantic-1.10.0-cp38-cp38-musllinux_1_1_i686.whl", hash = "sha256:c4c76af6ad47bc46cf16bd0e4a5e536a7a2bec0dec14ea08b712daa6645bf293"},
    {file = "pydantic-1.10.0-cp38-cp38-musllinux_1_1_x86_64.whl", hash = "sha256:e03402b0a6b23a2d0b9ee31e45d80612c95562b5af8b5c900171b9d9015ddc5f"},
    {file = "pydantic-1.10.0-cp38-cp38-win_amd64.whl", hash = "sha256:3a3a60fcb5ce08cab593b7978d02db67b8d153e9d582adab7c0b69d7200d78be"},
    {file = "pydantic-1.10.0-cp39-cp39-macosx_10_9_x86_64.whl", hash = "sha256:d8e5c5a50821c55b76dcf422610225cb7e44685cdd81832d0d504fa8c9343f35"},
    {file = "pydantic-1.10.0-cp39-cp39-macosx_11_0_arm64.whl", hash = "sha256:645b83297a9428a675c98c1f69a7237a381900e34f23245c0ea73d74e454bf68"},
    {file = "pydantic-1.10.0-cp39-cp39-manylinux_2_17_x86_64.manylinux2014_x86_64.whl", hash = "sha256:95ab3f31f35dc4f8fc85b04d13569e5fdc9de2d3050ae64c1fdc3430dfe7d92d"},
    {file = "pydantic-1.10.0-cp39-cp39-manylinux_2_5_i686.manylinux1_i686.manylinux_2_17_i686.manylinux2014_i686.whl", hash = "sha256:e290915a0ed53d3c59d6071fc7d2c843ed04c33affcd752dd1f3daa859b44a76"},
    {file = "pydantic-1.10.0-cp39-cp39-musllinux_1_1_i686.whl", hash = "sha256:af669da39ede365069dbc5de56564b011e3353f801acdbdd7145002a78abc3d9"},
    {file = "pydantic-1.10.0-cp39-cp39-musllinux_1_1_x86_64.whl", hash = "sha256:8e796f915762dec4678fafc89b1f0441ab9209517a8a682ddb3f988f7ffe0827"},
    {file = "pydantic-1.10.0-cp39-cp39-win_amd64.whl", hash = "sha256:652727f9e1d3ae30bd8a4dfbebcafd50df45277b97f3deabbbfedcf731f94aa5"},
    {file = "pydantic-1.10.0-py3-none-any.whl", hash = "sha256:4d2b9258f5bd2d129bd4cf2d31f9d40094b9ed6ef64896e2f7a70729b2d599ea"},
    {file = "pydantic-1.10.0.tar.gz", hash = "sha256:e13788fcad1baf5eb3236856b2a9a74f7dac6b3ea7ca1f60a4ad8bad4239cf4c"},
]
scipy = [
    {file = "scipy-1.9.3-cp310-cp310-macosx_10_9_x86_64.whl", hash = "sha256:1884b66a54887e21addf9c16fb588720a8309a57b2e258ae1c7986d4444d3bc0"},
    {file = "scipy-1.9.3-cp310-cp310-macosx_12_0_arm64.whl", hash = "sha256:83b89e9586c62e787f5012e8475fbb12185bafb996a03257e9675cd73d3736dd"},
    {file = "scipy-1.9.3-cp310-cp310-manylinux_2_17_aarch64.manylinux2014_aarch64.whl", hash = "sha256:1a72d885fa44247f92743fc20732ae55564ff2a519e8302fb7e18717c5355a8b"},
    {file = "scipy-1.9.3-cp310-cp310-manylinux_2_17_x86_64.manylinux2014_x86_64.whl", hash = "sha256:d01e1dd7b15bd2449c8bfc6b7cc67d630700ed655654f0dfcf121600bad205c9"},
    {file = "scipy-1.9.3-cp310-cp310-win_amd64.whl", hash = "sha256:68239b6aa6f9c593da8be1509a05cb7f9efe98b80f43a5861cd24c7557e98523"},
    {file = "scipy-1.9.3-cp311-cp311-macosx_10_9_x86_64.whl", hash = "sha256:b41bc822679ad1c9a5f023bc93f6d0543129ca0f37c1ce294dd9d386f0a21096"},
    {file = "scipy-1.9.3-cp311-cp311-macosx_12_0_arm64.whl", hash = "sha256:90453d2b93ea82a9f434e4e1cba043e779ff67b92f7a0e85d05d286a3625df3c"},
    {file = "scipy-1.9.3-cp311-cp311-manylinux_2_17_aarch64.manylinux2014_aarch64.whl", hash = "sha256:83c06e62a390a9167da60bedd4575a14c1f58ca9dfde59830fc42e5197283dab"},
    {file = "scipy-1.9.3-cp311-cp311-manylinux_2_17_x86_64.manylinux2014_x86_64.whl", hash = "sha256:abaf921531b5aeaafced90157db505e10345e45038c39e5d9b6c7922d68085cb"},
    {file = "scipy-1.9.3-cp311-cp311-win_amd64.whl", hash = "sha256:06d2e1b4c491dc7d8eacea139a1b0b295f74e1a1a0f704c375028f8320d16e31"},
    {file = "scipy-1.9.3-cp38-cp38-macosx_10_9_x86_64.whl", hash = "sha256:5a04cd7d0d3eff6ea4719371cbc44df31411862b9646db617c99718ff68d4840"},
    {file = "scipy-1.9.3-cp38-cp38-macosx_12_0_arm64.whl", hash = "sha256:545c83ffb518094d8c9d83cce216c0c32f8c04aaf28b92cc8283eda0685162d5"},
    {file = "scipy-1.9.3-cp38-cp38-manylinux_2_17_aarch64.manylinux2014_aarch64.whl", hash = "sha256:0d54222d7a3ba6022fdf5773931b5d7c56efe41ede7f7128c7b1637700409108"},
    {file = "scipy-1.9.3-cp38-cp38-manylinux_2_17_x86_64.manylinux2014_x86_64.whl", hash = "sha256:cff3a5295234037e39500d35316a4c5794739433528310e117b8a9a0c76d20fc"},
    {file = "scipy-1.9.3-cp38-cp38-win_amd64.whl", hash = "sha256:2318bef588acc7a574f5bfdff9c172d0b1bf2c8143d9582e05f878e580a3781e"},
    {file = "scipy-1.9.3-cp39-cp39-macosx_10_9_x86_64.whl", hash = "sha256:d644a64e174c16cb4b2e41dfea6af722053e83d066da7343f333a54dae9bc31c"},
    {file = "scipy-1.9.3-cp39-cp39-macosx_12_0_arm64.whl", hash = "sha256:da8245491d73ed0a994ed9c2e380fd058ce2fa8a18da204681f2fe1f57f98f95"},
    {file = "scipy-1.9.3-cp39-cp39-manylinux_2_17_aarch64.manylinux2014_aarch64.whl", hash = "sha256:4db5b30849606a95dcf519763dd3ab6fe9bd91df49eba517359e450a7d80ce2e"},
    {file = "scipy-1.9.3-cp39-cp39-manylinux_2_17_x86_64.manylinux2014_x86_64.whl", hash = "sha256:c68db6b290cbd4049012990d7fe71a2abd9ffbe82c0056ebe0f01df8be5436b0"},
    {file = "scipy-1.9.3-cp39-cp39-win_amd64.whl", hash = "sha256:5b88e6d91ad9d59478fafe92a7c757d00c59e3bdc3331be8ada76a4f8d683f58"},
    {file = "scipy-1.9.3.tar.gz", hash = "sha256:fbc5c05c85c1a02be77b1ff591087c83bc44579c6d2bd9fb798bb64ea5e1a027"},
]
setuptools = [
    {file = "setuptools-68.0.0-py3-none-any.whl", hash = "sha256:11e52c67415a381d10d6b462ced9cfb97066179f0e871399e006c4ab101fc85f"},
    {file = "setuptools-68.0.0.tar.gz", hash = "sha256:baf1fdb41c6da4cd2eae722e135500da913332ab3f2f5c7d33af9b492acb5235"},
]
smart-open = [
    {file = "smart_open-6.3.0-py3-none-any.whl", hash = "sha256:b4c9ae193ad6d3e7add50944b86afa0d150bd821ab8ec21edb26d9a06b66f6a8"},
    {file = "smart_open-6.3.0.tar.gz", hash = "sha256:d5238825fe9a9340645fac3d75b287c08fbb99fb2b422477de781c9f5f09e019"},
]
typing-extensions = [
    {file = "typing_extensions-4.7.1-py3-none-any.whl", hash = "sha256:440d5dd3af93b060174bf433bccd69b0babc3b15b1a8dca43789fd7f61514b36"},
    {file = "typing_extensions-4.7.1.tar.gz", hash = "sha256:b75ddc264f0ba5615db7ba217daeb99701ad295353c45f9e95963337ceeeffb2"},
]
urllib3 = [
    {file = "urllib3-1.26.16-py2.py3-none-any.whl", hash = "sha256:8d36afa7616d8ab714608411b4a3b13e58f463aee519024578e062e141dce20f"},
    {file = "urllib3-1.26.16.tar.gz", hash = "sha256:8f135f6502756bde6b2a9b28989df5fbe87c9970cecaa69041edcce7f0589b14"},
]
