[[package]]
name = "anyio"
version = "3.7.1"
description = "High level compatibility layer for multiple asynchronous event loop implementations"
category = "main"
optional = false
python-versions = ">=3.7"

[package.dependencies]
exceptiongroup = {version = "*", markers = "python_version < \"3.11\""}
idna = ">=2.8"
sniffio = ">=1.1"

[package.extras]
doc = ["Sphinx", "packaging", "sphinx-autodoc-typehints (>=1.2.0)", "sphinx-rtd-theme (>=1.2.2)", "sphinxcontrib-jquery"]
test = ["anyio[trio]", "coverage[toml] (>=4.5)", "hypothesis (>=4.0)", "mock (>=4)", "psutil (>=5.9)", "pytest (>=7.0)", "pytest-mock (>=3.6.1)", "trustme", "uvloop (>=0.17)"]
trio = ["trio (<0.22)"]

[[package]]
name = "black"
version = "23.11.0"
description = "The uncompromising code formatter."
category = "main"
optional = false
python-versions = ">=3.8"

[package.dependencies]
click = ">=8.0.0"
mypy-extensions = ">=0.4.3"
packaging = ">=22.0"
pathspec = ">=0.9.0"
platformdirs = ">=2"
tomli = {version = ">=1.1.0", markers = "python_version < \"3.11\""}
typing-extensions = {version = ">=4.0.1", markers = "python_version < \"3.11\""}

[package.extras]
colorama = ["colorama (>=0.4.3)"]
d = ["aiohttp (>=3.7.4)"]
jupyter = ["ipython (>=7.8.0)", "tokenize-rt (>=3.2.0)"]
uvloop = ["uvloop (>=0.15.2)"]

[[package]]
name = "click"
version = "8.1.7"
description = "Composable command line interface toolkit"
category = "main"
optional = false
python-versions = ">=3.7"

[package.dependencies]
colorama = {version = "*", markers = "platform_system == \"Windows\""}

[[package]]
name = "colorama"
version = "0.4.6"
description = "Cross-platform colored terminal text."
category = "main"
optional = false
python-versions = "!=3.0.*,!=3.1.*,!=3.2.*,!=3.3.*,!=3.4.*,!=3.5.*,!=3.6.*,>=2.7"

[[package]]
name = "exceptiongroup"
version = "1.1.3"
description = "Backport of PEP 654 (exception groups)"
category = "main"
optional = false
python-versions = ">=3.7"

[package.extras]
test = ["pytest (>=6)"]

[[package]]
name = "fastapi"
version = "0.103.2"
description = "FastAPI framework, high performance, easy to learn, fast to code, ready for production"
category = "main"
optional = false
python-versions = ">=3.7"

[package.dependencies]
anyio = ">=3.7.1,<4.0.0"
pydantic = ">=1.7.4,<1.8 || >1.8,<1.8.1 || >1.8.1,<2.0.0 || >2.0.0,<2.0.1 || >2.0.1,<2.1.0 || >2.1.0,<3.0.0"
starlette = ">=0.27.0,<0.28.0"
typing-extensions = ">=4.5.0"

[package.extras]
all = ["email-validator (>=2.0.0)", "httpx (>=0.23.0)", "itsdangerous (>=1.1.0)", "jinja2 (>=2.11.2)", "orjson (>=3.2.1)", "pydantic-extra-types (>=2.0.0)", "pydantic-settings (>=2.0.0)", "python-multipart (>=0.0.5)", "pyyaml (>=5.3.1)", "ujson (>=4.0.1,!=4.0.2,!=4.1.0,!=4.2.0,!=4.3.0,!=5.0.0,!=5.1.0)", "uvicorn[standard] (>=0.12.0)"]

[[package]]
name = "flake8"
version = "6.1.0"
description = "the modular source code checker: pep8 pyflakes and co"
category = "main"
optional = false
python-versions = ">=3.8.1"

[package.dependencies]
mccabe = ">=0.7.0,<0.8.0"
pycodestyle = ">=2.11.0,<2.12.0"
pyflakes = ">=3.1.0,<3.2.0"

[[package]]
name = "h11"
version = "0.14.0"
description = "A pure-Python, bring-your-own-I/O implementation of HTTP/1.1"
category = "main"
optional = false
python-versions = ">=3.7"

[[package]]
name = "idna"
version = "3.4"
description = "Internationalized Domain Names in Applications (IDNA)"
category = "main"
optional = false
python-versions = ">=3.5"

[[package]]
name = "mccabe"
version = "0.7.0"
description = "McCabe checker, plugin for flake8"
category = "main"
optional = false
python-versions = ">=3.6"

[[package]]
name = "mypy-extensions"
version = "1.0.0"
description = "Type system extensions for programs checked with the mypy type checker."
category = "main"
optional = false
python-versions = ">=3.5"

[[package]]
name = "packaging"
version = "23.2"
description = "Core utilities for Python packages"
category = "main"
optional = false
python-versions = ">=3.7"

[[package]]
name = "pathspec"
version = "0.11.2"
description = "Utility library for gitignore style pattern matching of file paths."
category = "main"
optional = false
python-versions = ">=3.7"

[[package]]
name = "platformdirs"
version = "3.11.0"
description = "A small Python package for determining appropriate platform-specific dirs, e.g. a \"user data dir\"."
category = "main"
optional = false
python-versions = ">=3.7"

[package.extras]
docs = ["furo (>=2023.7.26)", "proselint (>=0.13)", "sphinx (>=7.1.1)", "sphinx-autodoc-typehints (>=1.24)"]
test = ["appdirs (==1.4.4)", "covdefaults (>=2.3)", "pytest (>=7.4)", "pytest-cov (>=4.1)", "pytest-mock (>=3.11.1)"]

[[package]]
name = "pycodestyle"
version = "2.11.1"
description = "Python style guide checker"
category = "main"
optional = false
python-versions = ">=3.8"

[[package]]
name = "pydantic"
version = "1.10.0"
description = "Data validation and settings management using python type hints"
category = "main"
optional = false
python-versions = ">=3.7"

[package.dependencies]
typing-extensions = ">=4.1.0"

[package.extras]
dotenv = ["python-dotenv (>=0.10.4)"]
email = ["email-validator (>=1.0.3)"]

[[package]]
name = "pyflakes"
version = "3.1.0"
description = "passive checker of Python programs"
category = "main"
optional = false
python-versions = ">=3.8"

[[package]]
name = "pymysql"
version = "1.1.0"
description = "Pure Python MySQL Driver"
category = "main"
optional = false
python-versions = ">=3.7"

[package.extras]
ed25519 = ["PyNaCl (>=1.4.0)"]
rsa = ["cryptography"]

[[package]]
name = "sniffio"
version = "1.3.0"
description = "Sniff out which async library your code is running under"
category = "main"
optional = false
python-versions = ">=3.7"

[[package]]
name = "starlette"
version = "0.27.0"
description = "The little ASGI library that shines."
category = "main"
optional = false
python-versions = ">=3.7"

[package.dependencies]
anyio = ">=3.4.0,<5"
typing-extensions = {version = ">=3.10.0", markers = "python_version < \"3.10\""}

[package.extras]
full = ["httpx (>=0.22.0)", "itsdangerous", "jinja2", "python-multipart", "pyyaml"]

[[package]]
name = "tomli"
version = "2.0.1"
description = "A lil' TOML parser"
category = "main"
optional = false
python-versions = ">=3.7"

[[package]]
name = "typing-extensions"
version = "4.8.0"
description = "Backported and Experimental Type Hints for Python 3.8+"
category = "main"
optional = false
python-versions = ">=3.8"

[[package]]
name = "uvicorn"
version = "0.23.2"
description = "The lightning-fast ASGI server."
category = "main"
optional = false
python-versions = ">=3.8"

[package.dependencies]
click = ">=7.0"
h11 = ">=0.8"
typing-extensions = {version = ">=4.0", markers = "python_version < \"3.11\""}

[package.extras]
standard = ["colorama (>=0.4)", "httptools (>=0.5.0)", "python-dotenv (>=0.13)", "pyyaml (>=5.1)", "uvloop (>=0.14.0,!=0.15.0,!=0.15.1)", "watchfiles (>=0.13)", "websockets (>=10.4)"]

[metadata]
lock-version = "1.1"
python-versions = "^3.9"
content-hash = "336a0c71c295b57530bfc54c2718927fa363ba9d9ea779f34f112c847d0c32bf"

[metadata.files]
anyio = [
    {file = "anyio-3.7.1-py3-none-any.whl", hash = "sha256:91dee416e570e92c64041bd18b900d1d6fa78dff7048769ce5ac5ddad004fbb5"},
    {file = "anyio-3.7.1.tar.gz", hash = "sha256:44a3c9aba0f5defa43261a8b3efb97891f2bd7d804e0e1f56419befa1adfc780"},
]
black = [
    {file = "black-23.11.0-cp310-cp310-macosx_10_9_x86_64.whl", hash = "sha256:dbea0bb8575c6b6303cc65017b46351dc5953eea5c0a59d7b7e3a2d2f433a911"},
    {file = "black-23.11.0-cp310-cp310-macosx_11_0_arm64.whl", hash = "sha256:412f56bab20ac85927f3a959230331de5614aecda1ede14b373083f62ec24e6f"},
    {file = "black-23.11.0-cp310-cp310-manylinux_2_17_x86_64.manylinux2014_x86_64.whl", hash = "sha256:d136ef5b418c81660ad847efe0e55c58c8208b77a57a28a503a5f345ccf01394"},
    {file = "black-23.11.0-cp310-cp310-win_amd64.whl", hash = "sha256:6c1cac07e64433f646a9a838cdc00c9768b3c362805afc3fce341af0e6a9ae9f"},
    {file = "black-23.11.0-cp311-cp311-macosx_10_9_x86_64.whl", hash = "sha256:cf57719e581cfd48c4efe28543fea3d139c6b6f1238b3f0102a9c73992cbb479"},
    {file = "black-23.11.0-cp311-cp311-macosx_11_0_arm64.whl", hash = "sha256:698c1e0d5c43354ec5d6f4d914d0d553a9ada56c85415700b81dc90125aac244"},
    {file = "black-23.11.0-cp311-cp311-manylinux_2_17_x86_64.manylinux2014_x86_64.whl", hash = "sha256:760415ccc20f9e8747084169110ef75d545f3b0932ee21368f63ac0fee86b221"},
    {file = "black-23.11.0-cp311-cp311-win_amd64.whl", hash = "sha256:58e5f4d08a205b11800332920e285bd25e1a75c54953e05502052738fe16b3b5"},
    {file = "black-23.11.0-cp38-cp38-macosx_10_9_x86_64.whl", hash = "sha256:45aa1d4675964946e53ab81aeec7a37613c1cb71647b5394779e6efb79d6d187"},
    {file = "black-23.11.0-cp38-cp38-macosx_11_0_arm64.whl", hash = "sha256:4c44b7211a3a0570cc097e81135faa5f261264f4dfaa22bd5ee2875a4e773bd6"},
    {file = "black-23.11.0-cp38-cp38-manylinux_2_17_x86_64.manylinux2014_x86_64.whl", hash = "sha256:2a9acad1451632021ee0d146c8765782a0c3846e0e0ea46659d7c4f89d9b212b"},
    {file = "black-23.11.0-cp38-cp38-win_amd64.whl", hash = "sha256:fc7f6a44d52747e65a02558e1d807c82df1d66ffa80a601862040a43ec2e3142"},
    {file = "black-23.11.0-cp39-cp39-macosx_10_9_x86_64.whl", hash = "sha256:7f622b6822f02bfaf2a5cd31fdb7cd86fcf33dab6ced5185c35f5db98260b055"},
    {file = "black-23.11.0-cp39-cp39-macosx_11_0_arm64.whl", hash = "sha256:250d7e60f323fcfc8ea6c800d5eba12f7967400eb6c2d21ae85ad31c204fb1f4"},
    {file = "black-23.11.0-cp39-cp39-manylinux_2_17_x86_64.manylinux2014_x86_64.whl", hash = "sha256:5133f5507007ba08d8b7b263c7aa0f931af5ba88a29beacc4b2dc23fcefe9c06"},
    {file = "black-23.11.0-cp39-cp39-win_amd64.whl", hash = "sha256:421f3e44aa67138ab1b9bfbc22ee3780b22fa5b291e4db8ab7eee95200726b07"},
    {file = "black-23.11.0-py3-none-any.whl", hash = "sha256:54caaa703227c6e0c87b76326d0862184729a69b73d3b7305b6288e1d830067e"},
    {file = "black-23.11.0.tar.gz", hash = "sha256:4c68855825ff432d197229846f971bc4d6666ce90492e5b02013bcaca4d9ab05"},
]
click = [
    {file = "click-8.1.7-py3-none-any.whl", hash = "sha256:ae74fb96c20a0277a1d615f1e4d73c8414f5a98db8b799a7931d1582f3390c28"},
    {file = "click-8.1.7.tar.gz", hash = "sha256:ca9853ad459e787e2192211578cc907e7594e294c7ccc834310722b41b9ca6de"},
]
colorama = [
    {file = "colorama-0.4.6-py2.py3-none-any.whl", hash = "sha256:4f1d9991f5acc0ca119f9d443620b77f9d6b33703e51011c16baf57afb285fc6"},
    {file = "colorama-0.4.6.tar.gz", hash = "sha256:08695f5cb7ed6e0531a20572697297273c47b8cae5a63ffc6d6ed5c201be6e44"},
]
exceptiongroup = [
    {file = "exceptiongroup-1.1.3-py3-none-any.whl", hash = "sha256:343280667a4585d195ca1cf9cef84a4e178c4b6cf2274caef9859782b567d5e3"},
    {file = "exceptiongroup-1.1.3.tar.gz", hash = "sha256:097acd85d473d75af5bb98e41b61ff7fe35efe6675e4f9370ec6ec5126d160e9"},
]
fastapi = [
    {file = "fastapi-0.103.2-py3-none-any.whl", hash = "sha256:3270de872f0fe9ec809d4bd3d4d890c6d5cc7b9611d721d6438f9dacc8c4ef2e"},
    {file = "fastapi-0.103.2.tar.gz", hash = "sha256:75a11f6bfb8fc4d2bec0bd710c2d5f2829659c0e8c0afd5560fdda6ce25ec653"},
]
flake8 = [
    {file = "flake8-6.1.0-py2.py3-none-any.whl", hash = "sha256:ffdfce58ea94c6580c77888a86506937f9a1a227dfcd15f245d694ae20a6b6e5"},
    {file = "flake8-6.1.0.tar.gz", hash = "sha256:d5b3857f07c030bdb5bf41c7f53799571d75c4491748a3adcd47de929e34cd23"},
]
h11 = [
    {file = "h11-0.14.0-py3-none-any.whl", hash = "sha256:e3fe4ac4b851c468cc8363d500db52c2ead036020723024a109d37346efaa761"},
    {file = "h11-0.14.0.tar.gz", hash = "sha256:8f19fbbe99e72420ff35c00b27a34cb9937e902a8b810e2c88300c6f0a3b699d"},
]
idna = [
    {file = "idna-3.4-py3-none-any.whl", hash = "sha256:90b77e79eaa3eba6de819a0c442c0b4ceefc341a7a2ab77d7562bf49f425c5c2"},
    {file = "idna-3.4.tar.gz", hash = "sha256:814f528e8dead7d329833b91c5faa87d60bf71824cd12a7530b5526063d02cb4"},
]
mccabe = [
    {file = "mccabe-0.7.0-py2.py3-none-any.whl", hash = "sha256:6c2d30ab6be0e4a46919781807b4f0d834ebdd6c6e3dca0bda5a15f863427b6e"},
    {file = "mccabe-0.7.0.tar.gz", hash = "sha256:348e0240c33b60bbdf4e523192ef919f28cb2c3d7d5c7794f74009290f236325"},
]
mypy-extensions = [
    {file = "mypy_extensions-1.0.0-py3-none-any.whl", hash = "sha256:4392f6c0eb8a5668a69e23d168ffa70f0be9ccfd32b5cc2d26a34ae5b844552d"},
    {file = "mypy_extensions-1.0.0.tar.gz", hash = "sha256:75dbf8955dc00442a438fc4d0666508a9a97b6bd41aa2f0ffe9d2f2725af0782"},
]
packaging = [
    {file = "packaging-23.2-py3-none-any.whl", hash = "sha256:8c491190033a9af7e1d931d0b5dacc2ef47509b34dd0de67ed209b5203fc88c7"},
    {file = "packaging-23.2.tar.gz", hash = "sha256:048fb0e9405036518eaaf48a55953c750c11e1a1b68e0dd1a9d62ed0c092cfc5"},
]
pathspec = [
    {file = "pathspec-0.11.2-py3-none-any.whl", hash = "sha256:1d6ed233af05e679efb96b1851550ea95bbb64b7c490b0f5aa52996c11e92a20"},
    {file = "pathspec-0.11.2.tar.gz", hash = "sha256:e0d8d0ac2f12da61956eb2306b69f9469b42f4deb0f3cb6ed47b9cce9996ced3"},
]
platformdirs = [
    {file = "platformdirs-3.11.0-py3-none-any.whl", hash = "sha256:e9d171d00af68be50e9202731309c4e658fd8bc76f55c11c7dd760d023bda68e"},
    {file = "platformdirs-3.11.0.tar.gz", hash = "sha256:cf8ee52a3afdb965072dcc652433e0c7e3e40cf5ea1477cd4b3b1d2eb75495b3"},
]
pycodestyle = [
    {file = "pycodestyle-2.11.1-py2.py3-none-any.whl", hash = "sha256:44fe31000b2d866f2e41841b18528a505fbd7fef9017b04eff4e2648a0fadc67"},
    {file = "pycodestyle-2.11.1.tar.gz", hash = "sha256:41ba0e7afc9752dfb53ced5489e89f8186be00e599e712660695b7a75ff2663f"},
]
pydantic = [
    {file = "pydantic-1.10.0-cp310-cp310-macosx_10_9_x86_64.whl", hash = "sha256:7e34e46dd08dafd4c75b8378efe3eae7d8e5212950fcd894d86c1df2dcfb80fe"},
    {file = "pydantic-1.10.0-cp310-cp310-macosx_11_0_arm64.whl", hash = "sha256:4af55f33ae5be6cccecd4fa462630daffef1f161f60c3f194b24eca705d50748"},
    {file = "pydantic-1.10.0-cp310-cp310-manylinux_2_17_x86_64.manylinux2014_x86_64.whl", hash = "sha256:1856bc6640aced42886f7ee48f5ed1fa5adf35e34064b5f9532b52d5a3b8a0d3"},
    {file = "pydantic-1.10.0-cp310-cp310-manylinux_2_5_i686.manylinux1_i686.manylinux_2_17_i686.manylinux2014_i686.whl", hash = "sha256:d73ae7e210929a1b7d288034835dd787e5b0597192d58ab7342bacbeec0f33df"},
    {file = "pydantic-1.10.0-cp310-cp310-musllinux_1_1_i686.whl", hash = "sha256:a1192c17667d21652ab93b5eecd1a776cd0a4e384ea8c331bb830c9d130293af"},
    {file = "pydantic-1.10.0-cp310-cp310-musllinux_1_1_x86_64.whl", hash = "sha256:026427be4e251f876e7519a63af37ae5ebb8b593ca8b02180bdc6becd1ea4ef4"},
    {file = "pydantic-1.10.0-cp310-cp310-win_amd64.whl", hash = "sha256:d1dffae1f219d06a997ec78d1d2daafdbfecf243ad8eb36bfbcbc73e30e17385"},
    {file = "pydantic-1.10.0-cp311-cp311-macosx_10_9_x86_64.whl", hash = "sha256:b549eebe8de4e50fc3b4f8c1f9cc2f731d91787fc3f7d031561668377b8679bc"},
    {file = "pydantic-1.10.0-cp311-cp311-macosx_11_0_arm64.whl", hash = "sha256:a0ba8710bfdaddb7424c05ad2dc1da04796003751eac6ad30c218ac1d68a174e"},
    {file = "pydantic-1.10.0-cp311-cp311-manylinux_2_17_x86_64.manylinux2014_x86_64.whl", hash = "sha256:f0985ba95af937389c9ce8d747138417303569cb736bd12469646ef53cd66e1c"},
    {file = "pydantic-1.10.0-cp311-cp311-manylinux_2_5_i686.manylinux1_i686.manylinux_2_17_i686.manylinux2014_i686.whl", hash = "sha256:d484fbbe6267b6c936a6d005d5170ab553f3f4367348c7e88d3e17f0a7179981"},
    {file = "pydantic-1.10.0-cp311-cp311-musllinux_1_1_i686.whl", hash = "sha256:9500586151cd56a20bacb8f1082df1b4489000120d1c7ddc44c8b20870e8adbd"},
    {file = "pydantic-1.10.0-cp311-cp311-musllinux_1_1_x86_64.whl", hash = "sha256:1b5212604aaf5954e9a7cea8f0c60d6dbef996aa7b41edefd329e6b5011ce8cf"},
    {file = "pydantic-1.10.0-cp311-cp311-win_amd64.whl", hash = "sha256:39212b3853eea165a3cda11075d5b7d09d4291fcbc3c0ecefd23797ee21b29e9"},
    {file = "pydantic-1.10.0-cp37-cp37m-macosx_10_9_x86_64.whl", hash = "sha256:b3e3aed33fbd9518cf508d5415a58af683743d53dc5e58953973d73605774f34"},
    {file = "pydantic-1.10.0-cp37-cp37m-manylinux_2_17_x86_64.manylinux2014_x86_64.whl", hash = "sha256:ed4e5c18cac70fadd4cf339f444c4f1795f0876dfd5b70cf0a841890b52f0001"},
    {file = "pydantic-1.10.0-cp37-cp37m-manylinux_2_5_i686.manylinux1_i686.manylinux_2_17_i686.manylinux2014_i686.whl", hash = "sha256:45a6d0a9fdaad2a27ea69aec4659705ed8f60a5664e892c73e2b977d8f5166cc"},
    {file = "pydantic-1.10.0-cp37-cp37m-musllinux_1_1_i686.whl", hash = "sha256:158f1479367da20914961b5406ac3b29dfe1d858ae2af96c444f73543defcf0c"},
    {file = "pydantic-1.10.0-cp37-cp37m-musllinux_1_1_x86_64.whl", hash = "sha256:172aaeeaff8fc3ac326fb8a2934a063ca0938586c5fe8848285052de83a240f7"},
    {file = "pydantic-1.10.0-cp37-cp37m-win_amd64.whl", hash = "sha256:231b19c010288bfbfdcd3f79df38b5ff893c6547cd8c7d006203435790b22815"},
    {file = "pydantic-1.10.0-cp38-cp38-macosx_10_9_x86_64.whl", hash = "sha256:22206c152f9b86c0ee169928f9c24e1c0c566edb2462600b298ccb04860961aa"},
    {file = "pydantic-1.10.0-cp38-cp38-macosx_11_0_arm64.whl", hash = "sha256:d8ef840ef803ef17a7bd52480eb85faca0eed728d70233fd560f7d1066330247"},
    {file = "pydantic-1.10.0-cp38-cp38-manylinux_2_17_x86_64.manylinux2014_x86_64.whl", hash = "sha256:1f99b4de6936a0f9fe255d1c7fdc447700ddd027c9ad38a612d453ed5fc7d6d0"},
    {file = "pydantic-1.10.0-cp38-cp38-manylinux_2_5_i686.manylinux1_i686.manylinux_2_17_i686.manylinux2014_i686.whl", hash = "sha256:134b4fd805737496ce4efd24ce2f8da0e08c66dcfc054fee1a19673eec780f2c"},
    {file = "pydantic-1.10.0-cp38-cp38-musllinux_1_1_i686.whl", hash = "sha256:c4c76af6ad47bc46cf16bd0e4a5e536a7a2bec0dec14ea08b712daa6645bf293"},
    {file = "pydantic-1.10.0-cp38-cp38-musllinux_1_1_x86_64.whl", hash = "sha256:e03402b0a6b23a2d0b9ee31e45d80612c95562b5af8b5c900171b9d9015ddc5f"},
    {file = "pydantic-1.10.0-cp38-cp38-win_amd64.whl", hash = "sha256:3a3a60fcb5ce08cab593b7978d02db67b8d153e9d582adab7c0b69d7200d78be"},
    {file = "pydantic-1.10.0-cp39-cp39-macosx_10_9_x86_64.whl", hash = "sha256:d8e5c5a50821c55b76dcf422610225cb7e44685cdd81832d0d504fa8c9343f35"},
    {file = "pydantic-1.10.0-cp39-cp39-macosx_11_0_arm64.whl", hash = "sha256:645b83297a9428a675c98c1f69a7237a381900e34f23245c0ea73d74e454bf68"},
    {file = "pydantic-1.10.0-cp39-cp39-manylinux_2_17_x86_64.manylinux2014_x86_64.whl", hash = "sha256:95ab3f31f35dc4f8fc85b04d13569e5fdc9de2d3050ae64c1fdc3430dfe7d92d"},
    {file = "pydantic-1.10.0-cp39-cp39-manylinux_2_5_i686.manylinux1_i686.manylinux_2_17_i686.manylinux2014_i686.whl", hash = "sha256:e290915a0ed53d3c59d6071fc7d2c843ed04c33affcd752dd1f3daa859b44a76"},
    {file = "pydantic-1.10.0-cp39-cp39-musllinux_1_1_i686.whl", hash = "sha256:af669da39ede365069dbc5de56564b011e3353f801acdbdd7145002a78abc3d9"},
    {file = "pydantic-1.10.0-cp39-cp39-musllinux_1_1_x86_64.whl", hash = "sha256:8e796f915762dec4678fafc89b1f0441ab9209517a8a682ddb3f988f7ffe0827"},
    {file = "pydantic-1.10.0-cp39-cp39-win_amd64.whl", hash = "sha256:652727f9e1d3ae30bd8a4dfbebcafd50df45277b97f3deabbbfedcf731f94aa5"},
    {file = "pydantic-1.10.0-py3-none-any.whl", hash = "sha256:4d2b9258f5bd2d129bd4cf2d31f9d40094b9ed6ef64896e2f7a70729b2d599ea"},
    {file = "pydantic-1.10.0.tar.gz", hash = "sha256:e13788fcad1baf5eb3236856b2a9a74f7dac6b3ea7ca1f60a4ad8bad4239cf4c"},
]
pyflakes = [
    {file = "pyflakes-3.1.0-py2.py3-none-any.whl", hash = "sha256:4132f6d49cb4dae6819e5379898f2b8cce3c5f23994194c24b77d5da2e36f774"},
    {file = "pyflakes-3.1.0.tar.gz", hash = "sha256:a0aae034c444db0071aa077972ba4768d40c830d9539fd45bf4cd3f8f6992efc"},
]
pymysql = [
    {file = "PyMySQL-1.1.0-py3-none-any.whl", hash = "sha256:8969ec6d763c856f7073c4c64662882675702efcb114b4bcbb955aea3a069fa7"},
    {file = "PyMySQL-1.1.0.tar.gz", hash = "sha256:4f13a7df8bf36a51e81dd9f3605fede45a4878fe02f9236349fd82a3f0612f96"},
]
sniffio = [
    {file = "sniffio-1.3.0-py3-none-any.whl", hash = "sha256:eecefdce1e5bbfb7ad2eeaabf7c1eeb404d7757c379bd1f7e5cce9d8bf425384"},
    {file = "sniffio-1.3.0.tar.gz", hash = "sha256:e60305c5e5d314f5389259b7f22aaa33d8f7dee49763119234af3755c55b9101"},
]
starlette = [
    {file = "starlette-0.27.0-py3-none-any.whl", hash = "sha256:918416370e846586541235ccd38a474c08b80443ed31c578a418e2209b3eef91"},
    {file = "starlette-0.27.0.tar.gz", hash = "sha256:6a6b0d042acb8d469a01eba54e9cda6cbd24ac602c4cd016723117d6a7e73b75"},
]
tomli = [
    {file = "tomli-2.0.1-py3-none-any.whl", hash = "sha256:939de3e7a6161af0c887ef91b7d41a53e7c5a1ca976325f429cb46ea9bc30ecc"},
    {file = "tomli-2.0.1.tar.gz", hash = "sha256:de526c12914f0c550d15924c62d72abc48d6fe7364aa87328337a31007fe8a4f"},
]
typing-extensions = [
    {file = "typing_extensions-4.8.0-py3-none-any.whl", hash = "sha256:8f92fc8806f9a6b641eaa5318da32b44d401efaac0f6678c9bc448ba3605faa0"},
    {file = "typing_extensions-4.8.0.tar.gz", hash = "sha256:df8e4339e9cb77357558cbdbceca33c303714cf861d1eef15e1070055ae8b7ef"},
]
uvicorn = [
    {file = "uvicorn-0.23.2-py3-none-any.whl", hash = "sha256:1f9be6558f01239d4fdf22ef8126c39cb1ad0addf76c40e760549d2c2f43ab53"},
    {file = "uvicorn-0.23.2.tar.gz", hash = "sha256:4d3cc12d7727ba72b64d12d3cc7743124074c0a69f7b201512fc50c3e3f1569a"},
]
